
Microsoft Visual Studio Solution File, Format Version 12.00
# Visual Studio Version 17
VisualStudioVersion = 17.11.35327.3
MinimumVisualStudioVersion = 10.0.40219.1
Project("{FAE04EC0-301F-11D3-BF4B-00C04F79EFBC}") = "CalcularIMC", "CalcularIMC\CalcularIMC.csproj", "{B5BD2D05-220E-4507-9F62-0E5ACD9A9321}"
EndProject
Global
	GlobalSection(SolutionConfigurationPlatforms) = preSolution
		Debug|Any CPU = Debug|Any CPU
		Release|Any CPU = Release|Any CPU
	EndGlobalSection
	GlobalSection(ProjectConfigurationPlatforms) = postSolution
		{B5BD2D05-220E-4507-9F62-0E5ACD9A9321}.Debug|Any CPU.ActiveCfg = Debug|Any CPU
		{B5BD2D05-220E-4507-9F62-0E5ACD9A9321}.Debug|Any CPU.Build.0 = Debug|Any CPU
		{B5BD2D05-220E-4507-9F62-0E5ACD9A9321}.Release|Any CPU.ActiveCfg = Release|Any CPU
		{B5BD2D05-220E-4507-9F62-0E5ACD9A9321}.Release|Any CPU.Build.0 = Release|Any CPU
	EndGlobalSection
	GlobalSection(SolutionProperties) = preSolution
		HideSolutionNode = FALSE
	EndGlobalSection
	GlobalSection(ExtensibilityGlobals) = postSolution
		SolutionGuid = {BE83FF6A-CE6C-4D76-92E1-282BDE61217D}
	EndGlobalSection
EndGlobal
